Microsoft Visual Studio Solution File, Format Version 11.00
# Visual Studio 2008

Project("{49C12489-5E8A-1844-F835-2D90DB1963D0}") = "CatLikeCoding", "Assembly-CSharp.csproj", "{9AC31C31-3529-6667-CABC-F0E60E1D40AB}"
EndProject
Global
	GlobalSection(SolutionConfigurationPlatforms) = preSolution
		Debug|Any CPU = Debug|Any CPU
		Release|Any CPU = Release|Any CPU
	EndGlobalSection
	GlobalSection(ProjectConfigurationPlatforms) = postSolution
		{9AC31C31-3529-6667-CABC-F0E60E1D40AB}.Debug|Any CPU.ActiveCfg = Debug|Any CPU
		{9AC31C31-3529-6667-CABC-F0E60E1D40AB}.Debug|Any CPU.Build.0 = Debug|Any CPU
		{9AC31C31-3529-6667-CABC-F0E60E1D40AB}.Release|Any CPU.ActiveCfg = Release|Any CPU
		{9AC31C31-3529-6667-CABC-F0E60E1D40AB}.Release|Any CPU.Build.0 = Release|Any CPU
	EndGlobalSection
	GlobalSection(SolutionProperties) = preSolution
		HideSolutionNode = FALSE
	EndGlobalSection
	GlobalSection(MonoDevelopProperties) = preSolution
		StartupItem = Assembly-CSharp.csproj
	EndGlobalSection
EndGlobal
